id: ais_msk_timing_recovery_cc
label: msk timing recovery cc
category: '[Ais]'
templates:
  imports: from gnuradio import ais
  make: ais.msk_timing_recovery_cc(${sps}, ${gain}, ${limit}, ${osps})
parameters:
- id: sps
  label: Sps
  dtype: float
- id: gain
  label: Gain
  dtype: float
- id: limit
  label: Limit
  dtype: float
- id: osps
  label: Osps
  dtype: int
inputs:
- label: in
  domain: stream
  dtype: complex
outputs:
- label: out
  domain: stream
  dtype: complex
- label: out
  domain: stream
  dtype: float
- label: out
  domain: stream
  dtype: float
file_format: 1
